{
  "name": "sdk-test-project",
  "version": "1.0.0",
  "lockfileVersion": 3,
  "requires": true,
  "packages": {
    "": {
      "name": "sdk-test-project",
      "version": "1.0.0",
      "dependencies": {
        "@eGainDev/ai-agent-sdk": "file:eGainDev-ai-agent-sdk-0.0.10-bugFix.tgz"
      }
    },
    "node_modules/@eGainDev/ai-agent-sdk": {
      "version": "0.0.10-bugFix",
      "resolved": "file:eGainDev-ai-agent-sdk-0.0.10-bugFix.tgz",
      "integrity": "sha512-PzYQiKB0+5oV0GrhzzoiT+GXD3b39+CGEDhRXKeWt9ieyTUFY3SC8Z1SAG0b9nuszgu8Se/ExGoYjvudQNTbnw==",
      "license": "MIT",
      "peerDependencies": {
        "ws": "^8.0.0"
      },
      "peerDependenciesMeta": {
        "ws": {
          "optional": true
        }
      }
    }
  }
}
